
Microsoft Visual Studio Solution File, Format Version 12.00
# Visual Studio Version 17
VisualStudioVersion = 17.9.34902.65
MinimumVisualStudioVersion = 10.0.40219.1
Project("{FAE04EC0-301F-11D3-BF4B-00C04F79EFBC}") = "ControlDeVentas", "ControlDeVentas\ControlDeVentas.csproj", "{7BD4C044-43F6-432D-95CD-139ABED5EACA}"
EndProject
Global
	GlobalSection(SolutionConfigurationPlatforms) = preSolution
		Debug|Any CPU = Debug|Any CPU
		Release|Any CPU = Release|Any CPU
	EndGlobalSection
	GlobalSection(ProjectConfigurationPlatforms) = postSolution
		{7BD4C044-43F6-432D-95CD-139ABED5EACA}.Debug|Any CPU.ActiveCfg = Debug|Any CPU
		{7BD4C044-43F6-432D-95CD-139ABED5EACA}.Debug|Any CPU.Build.0 = Debug|Any CPU
		{7BD4C044-43F6-432D-95CD-139ABED5EACA}.Release|Any CPU.ActiveCfg = Release|Any CPU
		{7BD4C044-43F6-432D-95CD-139ABED5EACA}.Release|Any CPU.Build.0 = Release|Any CPU
	EndGlobalSection
	GlobalSection(SolutionProperties) = preSolution
		HideSolutionNode = FALSE
	EndGlobalSection
	GlobalSection(ExtensibilityGlobals) = postSolution
		SolutionGuid = {CEB105D2-4541-40E3-9889-F5AE3CC31077}
	EndGlobalSection
EndGlobal
